// !$*UTF8*$!
{
	archiveVersion = 1;
	classes = {
	};
	objectVersion = 50;
	objects = {

/* Begin PBXBuildFile section */
		4924C8F53B8CF2DB0B9A077F /* Pods_RealmProgrammists.framework in Frameworks */ = {isa = PBXBuildFile; fileRef = 0EEB97729B4FB0496873AE32 /* Pods_RealmProgrammists.framework */; };
		58EB84EA22699D230009179F /* AppDelegate.swift in Sources */ = {isa = PBXBuildFile; fileRef = 58EB84E922699D230009179F /* AppDelegate.swift */; };
		58EB84EC22699D230009179F /* ViewController.swift in Sources */ = {isa = PBXBuildFile; fileRef = 58EB84EB22699D230009179F /* ViewController.swift */; };
		58EB84EF22699D230009179F /* Main.storyboard in Resources */ = {isa = PBXBuildFile; fileRef = 58EB84ED22699D230009179F /* Main.storyboard */; };
		58EB84F122699D260009179F /* Assets.xcassets in Resources */ = {isa = PBXBuildFile; fileRef = 58EB84F022699D260009179F /* Assets.xcassets */; };
		58EB84F422699D260009179F /* LaunchScreen.storyboard in Resources */ = {isa = PBXBuildFile; fileRef = 58EB84F222699D260009179F /* LaunchScreen.storyboard */; };
		58EB85032269A1550009179F /* ProgrammistViewModel.swift in Sources */ = {isa = PBXBuildFile; fileRef = 58EB85022269A1550009179F /* ProgrammistViewModel.swift */; };
		58EB85052269A1620009179F /* RealmCommunicator.swift in Sources */ = {isa = PBXBuildFile; fileRef = 58EB85042269A1620009179F /* RealmCommunicator.swift */; };
		58EB85072269A16A0009179F /* DataModel.swift in Sources */ = {isa = PBXBuildFile; fileRef = 58EB85062269A16A0009179F /* DataModel.swift */; };
/* End PBXBuildFile section */

/* Begin PBXFileReference section */
		0EEB97729B4FB0496873AE32 /* Pods_RealmProgrammists.framework */ = {isa = PBXFileReference; explicitFileType = wrapper.framework; includeInIndex = 0; path = Pods_RealmProgrammists.framework; sourceTree = BUILT_PRODUCTS_DIR; };
		4B97A5E0F364F12584E30520 /* Pods-RealmProgrammists.debug.xcconfig */ = {isa = PBXFileReference; includeInIndex = 1; lastKnownFileType = text.xcconfig; name = "Pods-RealmProgrammists.debug.xcconfig"; path = "Pods/Target Support Files/Pods-RealmProgrammists/Pods-RealmProgrammists.debug.xcconfig"; sourceTree = "<group>"; };
		58EB84E622699D230009179F /* RealmProgrammists.app */ = {isa = PBXFileReference; explicitFileType = wrapper.application; includeInIndex = 0; path = RealmProgrammists.app; sourceTree = BUILT_PRODUCTS_DIR; };
		58EB84E922699D230009179F /* AppDelegate.swift */ = {isa = PBXFileReference; lastKnownFileType = sourcecode.swift; path = AppDelegate.swift; sourceTree = "<group>"; };
		58EB84EB22699D230009179F /* ViewController.swift */ = {isa = PBXFileReference; lastKnownFileType = sourcecode.swift; path = ViewController.swift; sourceTree = "<group>"; };
		58EB84EE22699D230009179F /* Base */ = {isa = PBXFileReference; lastKnownFileType = file.storyboard; name = Base; path = Base.lproj/Main.storyboard; sourceTree = "<group>"; };
		58EB84F022699D260009179F /* Assets.xcassets */ = {isa = PBXFileReference; lastKnownFileType = folder.assetcatalog; path = Assets.xcassets; sourceTree = "<group>"; };
		58EB84F322699D260009179F /* Base */ = {isa = PBXFileReference; lastKnownFileType = file.storyboard; name = Base; path = Base.lproj/LaunchScreen.storyboard; sourceTree = "<group>"; };
		58EB84F522699D260009179F /* Info.plist */ = {isa = PBXFileReference; lastKnownFileType = text.plist.xml; path = Info.plist; sourceTree = "<group>"; };
		58EB85022269A1550009179F /* ProgrammistViewModel.swift */ = {isa = PBXFileReference; fileEncoding = 4; lastKnownFileType = sourcecode.swift; path = ProgrammistViewModel.swift; sourceTree = "<group>"; };
		58EB85042269A1620009179F /* RealmCommunicator.swift */ = {isa = PBXFileReference; fileEncoding = 4; lastKnownFileType = sourcecode.swift; path = RealmCommunicator.swift; sourceTree = "<group>"; };
		58EB85062269A16A0009179F /* DataModel.swift */ = {isa = PBXFileReference; fileEncoding = 4; lastKnownFileType = sourcecode.swift; path = DataModel.swift; sourceTree = "<group>"; };
		7756A2BB75F9941842976C50 /* Pods-RealmProgrammists.release.xcconfig */ = {isa = PBXFileReference; includeInIndex = 1; lastKnownFileType = text.xcconfig; name = "Pods-RealmProgrammists.release.xcconfig"; path = "Pods/Target Support Files/Pods-RealmProgrammists/Pods-RealmProgrammists.release.xcconfig"; sourceTree = "<group>"; };
/* End PBXFileReference section */

/* Begin PBXFrameworksBuildPhase section */
		58EB84E322699D230009179F /* Frameworks */ = {
			isa = PBXFrameworksBuildPhase;
			buildActionMask = 2147483647;
			files = (
				4924C8F53B8CF2DB0B9A077F /* Pods_RealmProgrammists.framework in Frameworks */,
			);
			runOnlyForDeploymentPostprocessing = 0;
		};
/* End PBXFrameworksBuildPhase section */

/* Begin PBXGroup section */
		04643CCC1CC7D0D0E06A381A /* Pods */ = {
			isa = PBXGroup;
			children = (
				4B97A5E0F364F12584E30520 /* Pods-RealmProgrammists.debug.xcconfig */,
				7756A2BB75F9941842976C50 /* Pods-RealmProgrammists.release.xcconfig */,
			);
			name = Pods;
			sourceTree = "<group>";
		};
		2C9B07174CE3265A64714492 /* Frameworks */ = {
			isa = PBXGroup;
			children = (
				0EEB97729B4FB0496873AE32 /* Pods_RealmProgrammists.framework */,
			);
			name = Frameworks;
			sourceTree = "<group>";
		};
		58EB84DD22699D230009179F = {
			isa = PBXGroup;
			children = (
				58EB84E822699D230009179F /* RealmProgrammists */,
				58EB84E722699D230009179F /* Products */,
				04643CCC1CC7D0D0E06A381A /* Pods */,
				2C9B07174CE3265A64714492 /* Frameworks */,
			);
			sourceTree = "<group>";
		};
		58EB84E722699D230009179F /* Products */ = {
			isa = PBXGroup;
			children = (
				58EB84E622699D230009179F /* RealmProgrammists.app */,
			);
			name = Products;
			sourceTree = "<group>";
		};
		58EB84E822699D230009179F /* RealmProgrammists */ = {
			isa = PBXGroup;
			children = (
				58EB84FC22699D500009179F /* UILayer */,
				58EB84FD22699D590009179F /* ViewModel */,
				58EB84FE22699D650009179F /* Communicator */,
				58EB84FF22699D890009179F /* DataModel */,
				58EB84FB22699D420009179F /* Support Files */,
			);
			path = RealmProgrammists;
			sourceTree = "<group>";
		};
		58EB84FB22699D420009179F /* Support Files */ = {
			isa = PBXGroup;
			children = (
				58EB84E922699D230009179F /* AppDelegate.swift */,
				58EB84F022699D260009179F /* Assets.xcassets */,
				58EB84F522699D260009179F /* Info.plist */,
			);
			path = "Support Files";
			sourceTree = "<group>";
		};
		58EB84FC22699D500009179F /* UILayer */ = {
			isa = PBXGroup;
			children = (
				58EB84EB22699D230009179F /* ViewController.swift */,
				58EB84ED22699D230009179F /* Main.storyboard */,
				58EB84F222699D260009179F /* LaunchScreen.storyboard */,
			);
			path = UILayer;
			sourceTree = "<group>";
		};
		58EB84FD22699D590009179F /* ViewModel */ = {
			isa = PBXGroup;
			children = (
				58EB85022269A1550009179F /* ProgrammistViewModel.swift */,
			);
			path = ViewModel;
			sourceTree = "<group>";
		};
		58EB84FE22699D650009179F /* Communicator */ = {
			isa = PBXGroup;
			children = (
				58EB85042269A1620009179F /* RealmCommunicator.swift */,
			);
			path = Communicator;
			sourceTree = "<group>";
		};
		58EB84FF22699D890009179F /* DataModel */ = {
			isa = PBXGroup;
			children = (
				58EB85062269A16A0009179F /* DataModel.swift */,
			);
			path = DataModel;
			sourceTree = "<group>";
		};
/* End PBXGroup section */

/* Begin PBXNativeTarget section */
		58EB84E522699D230009179F /* RealmProgrammists */ = {
			isa = PBXNativeTarget;
			buildConfigurationList = 58EB84F822699D260009179F /* Build configuration list for PBXNativeTarget "RealmProgrammists" */;
			buildPhases = (
				F681C7BEAD37E69E704B71B2 /* [CP] Check Pods Manifest.lock */,
				58EB84E222699D230009179F /* Sources */,
				58EB84E322699D230009179F /* Frameworks */,
				58EB84E422699D230009179F /* Resources */,
				54FC0EEC1158012FF6247A4D /* [CP] Embed Pods Frameworks */,
			);
			buildRules = (
			);
			dependencies = (
			);
			name = RealmProgrammists;
			productName = RealmProgrammists;
			productReference = 58EB84E622699D230009179F /* RealmProgrammists.app */;
			productType = "com.apple.product-type.application";
		};
/* End PBXNativeTarget section */

/* Begin PBXProject section */
		58EB84DE22699D230009179F /* Project object */ = {
			isa = PBXProject;
			attributes = {
				LastSwiftUpdateCheck = 1010;
				LastUpgradeCheck = 1010;
				ORGANIZATIONNAME = vit;
				TargetAttributes = {
					58EB84E522699D230009179F = {
						CreatedOnToolsVersion = 10.1;
					};
				};
			};
			buildConfigurationList = 58EB84E122699D230009179F /* Build configuration list for PBXProject "RealmProgrammists" */;
			compatibilityVersion = "Xcode 9.3";
			developmentRegion = en;
			hasScannedForEncodings = 0;
			knownRegions = (
				en,
				Base,
			);
			mainGroup = 58EB84DD22699D230009179F;
			productRefGroup = 58EB84E722699D230009179F /* Products */;
			projectDirPath = "";
			projectRoot = "";
			targets = (
				58EB84E522699D230009179F /* RealmProgrammists */,
			);
		};
/* End PBXProject section */

/* Begin PBXResourcesBuildPhase section */
		58EB84E422699D230009179F /* Resources */ = {
			isa = PBXResourcesBuildPhase;
			buildActionMask = 2147483647;
			files = (
				58EB84F422699D260009179F /* LaunchScreen.storyboard in Resources */,
				58EB84F122699D260009179F /* Assets.xcassets in Resources */,
				58EB84EF22699D230009179F /* Main.storyboard in Resources */,
			);
			runOnlyForDeploymentPostprocessing = 0;
		};
/* End PBXResourcesBuildPhase section */

/* Begin PBXShellScriptBuildPhase section */
		54FC0EEC1158012FF6247A4D /* [CP] Embed Pods Frameworks */ = {
			isa = PBXShellScriptBuildPhase;
			buildActionMask = 2147483647;
			files = (
			);
			inputFileListPaths = (
			);
			inputPaths = (
				"${SRCROOT}/Pods/Target Support Files/Pods-RealmProgrammists/Pods-RealmProgrammists-frameworks.sh",
				"${BUILT_PRODUCTS_DIR}/Realm/Realm.framework",
				"${BUILT_PRODUCTS_DIR}/RealmSwift/RealmSwift.framework",
			);
			name = "[CP] Embed Pods Frameworks";
			outputFileListPaths = (
			);
			outputPaths = (
				"${TARGET_BUILD_DIR}/${FRAMEWORKS_FOLDER_PATH}/Realm.framework",
				"${TARGET_BUILD_DIR}/${FRAMEWORKS_FOLDER_PATH}/RealmSwift.framework",
			);
			runOnlyForDeploymentPostprocessing = 0;
			shellPath = /bin/sh;
			shellScript = "\"${SRCROOT}/Pods/Target Support Files/Pods-RealmProgrammists/Pods-RealmProgrammists-frameworks.sh\"\n";
			showEnvVarsInLog = 0;
		};
		F681C7BEAD37E69E704B71B2 /* [CP] Check Pods Manifest.lock */ = {
			isa = PBXShellScriptBuildPhase;
			buildActionMask = 2147483647;
			files = (
			);
			inputFileListPaths = (
			);
			inputPaths = (
				"${PODS_PODFILE_DIR_PATH}/Podfile.lock",
				"${PODS_ROOT}/Manifest.lock",
			);
			name = "[CP] Check Pods Manifest.lock";
			outputFileListPaths = (
			);
			outputPaths = (
				"$(DERIVED_FILE_DIR)/Pods-RealmProgrammists-checkManifestLockResult.txt",
			);
			runOnlyForDeploymentPostprocessing = 0;
			shellPath = /bin/sh;
			shellScript = "diff \"${PODS_PODFILE_DIR_PATH}/Podfile.lock\" \"${PODS_ROOT}/Manifest.lock\" > /dev/null\nif [ $? != 0 ] ; then\n    # print error to STDERR\n    echo \"error: The sandbox is not in sync with the Podfile.lock. Run 'pod install' or update your CocoaPods installation.\" >&2\n    exit 1\nfi\n# This output is used by Xcode 'outputs' to avoid re-running this script phase.\necho \"SUCCESS\" > \"${SCRIPT_OUTPUT_FILE_0}\"\n";
			showEnvVarsInLog = 0;
		};
/* End PBXShellScriptBuildPhase section */

/* Begin PBXSourcesBuildPhase section */
		58EB84E222699D230009179F /* Sources */ = {
			isa = PBXSourcesBuildPhase;
			buildActionMask = 2147483647;
			files = (
				58EB85072269A16A0009179F /* DataModel.swift in Sources */,
				58EB85052269A1620009179F /* RealmCommunicator.swift in Sources */,
				58EB84EC22699D230009179F /* ViewController.swift in Sources */,
				58EB85032269A1550009179F /* ProgrammistViewModel.swift in Sources */,
				58EB84EA22699D230009179F /* AppDelegate.swift in Sources */,
			);
			runOnlyForDeploymentPostprocessing = 0;
		};
/* End PBXSourcesBuildPhase section */

/* Begin PBXVariantGroup section */
		58EB84ED22699D230009179F /* Main.storyboard */ = {
			isa = PBXVariantGroup;
			children = (
				58EB84EE22699D230009179F /* Base */,
			);
			name = Main.storyboard;
			sourceTree = "<group>";
		};
		58EB84F222699D260009179F /* LaunchScreen.storyboard */ = {
			isa = PBXVariantGroup;
			children = (
				58EB84F322699D260009179F /* Base */,
			);
			name = LaunchScreen.storyboard;
			sourceTree = "<group>";
		};
/* End PBXVariantGroup section */

/* Begin XCBuildConfiguration section */
		58EB84F622699D260009179F /* Debug */ = {
			isa = XCBuildConfiguration;
			buildSettings = {
				ALWAYS_SEARCH_USER_PATHS = NO;
				CLANG_ANALYZER_NONNULL = YES;
				CLANG_ANALYZER_NUMBER_OBJECT_CONVERSION = YES_AGGRESSIVE;
				CLANG_CXX_LANGUAGE_STANDARD = "gnu++14";
				CLANG_CXX_LIBRARY = "libc++";
				CLANG_ENABLE_MODULES = YES;
				CLANG_ENABLE_OBJC_ARC = YES;
				CLANG_ENABLE_OBJC_WEAK = YES;
				CLANG_WARN_BLOCK_CAPTURE_AUTORELEASING = YES;
				CLANG_WARN_BOOL_CONVERSION = YES;
				CLANG_WARN_COMMA = YES;
				CLANG_WARN_CONSTANT_CONVERSION = YES;
				CLANG_WARN_DEPRECATED_OBJC_IMPLEMENTATIONS = YES;
				CLANG_WARN_DIRECT_OBJC_ISA_USAGE = YES_ERROR;
				CLANG_WARN_DOCUMENTATION_COMMENTS = YES;
				CLANG_WARN_EMPTY_BODY = YES;
				CLANG_WARN_ENUM_CONVERSION = YES;
				CLANG_WARN_INFINITE_RECURSION = YES;
				CLANG_WARN_INT_CONVERSION = YES;
				CLANG_WARN_NON_LITERAL_NULL_CONVERSION = YES;
				CLANG_WARN_OBJC_IMPLICIT_RETAIN_SELF = YES;
				CLANG_WARN_OBJC_LITERAL_CONVERSION = YES;
				CLANG_WARN_OBJC_ROOT_CLASS = YES_ERROR;
				CLANG_WARN_RANGE_LOOP_ANALYSIS = YES;
				CLANG_WARN_STRICT_PROTOTYPES = YES;
				CLANG_WARN_SUSPICIOUS_MOVE = YES;
				CLANG_WARN_UNGUARDED_AVAILABILITY = YES_AGGRESSIVE;
				CLANG_WARN_UNREACHABLE_CODE = YES;
				CLANG_WARN__DUPLICATE_METHOD_MATCH = YES;
				CODE_SIGN_IDENTITY = "iPhone Developer";
				COPY_PHASE_STRIP = NO;
				DEBUG_INFORMATION_FORMAT = dwarf;
				ENABLE_STRICT_OBJC_MSGSEND = YES;
				ENABLE_TESTABILITY = YES;
				GCC_C_LANGUAGE_STANDARD = gnu11;
				GCC_DYNAMIC_NO_PIC = NO;
				GCC_NO_COMMON_BLOCKS = YES;
				GCC_OPTIMIZATION_LEVEL = 0;
				GCC_PREPROCESSOR_DEFINITIONS = (
					"DEBUG=1",
					"$(inherited)",
				);
				GCC_WARN_64_TO_32_BIT_CONVERSION = YES;
				GCC_WARN_ABOUT_RETURN_TYPE = YES_ERROR;
				GCC_WARN_UNDECLARED_SELECTOR = YES;
				GCC_WARN_UNINITIALIZED_AUTOS = YES_AGGRESSIVE;
				GCC_WARN_UNUSED_FUNCTION = YES;
				GCC_WARN_UNUSED_VARIABLE = YES;
				IPHONEOS_DEPLOYMENT_TARGET = 12.1;
				MTL_ENABLE_DEBUG_INFO = INCLUDE_SOURCE;
				MTL_FAST_MATH = YES;
				ONLY_ACTIVE_ARCH = YES;
				SDKROOT = iphoneos;
				SWIFT_ACTIVE_COMPILATION_CONDITIONS = DEBUG;
				SWIFT_OPTIMIZATION_LEVEL = "-Onone";
			};
			name = Debug;
		};
		58EB84F722699D260009179F /* Release */ = {
			isa = XCBuildConfiguration;
			buildSettings = {
				ALWAYS_SEARCH_USER_PATHS = NO;
				CLANG_ANALYZER_NONNULL = YES;
				CLANG_ANALYZER_NUMBER_OBJECT_CONVERSION = YES_AGGRESSIVE;
				CLANG_CXX_LANGUAGE_STANDARD = "gnu++14";
				CLANG_CXX_LIBRARY = "libc++";
				CLANG_ENABLE_MODULES = YES;
				CLANG_ENABLE_OBJC_ARC = YES;
				CLANG_ENABLE_OBJC_WEAK = YES;
				CLANG_WARN_BLOCK_CAPTURE_AUTORELEASING = YES;
				CLANG_WARN_BOOL_CONVERSION = YES;
				CLANG_WARN_COMMA = YES;
				CLANG_WARN_CONSTANT_CONVERSION = YES;
				CLANG_WARN_DEPRECATED_OBJC_IMPLEMENTATIONS = YES;
				CLANG_WARN_DIRECT_OBJC_ISA_USAGE = YES_ERROR;
				CLANG_WARN_DOCUMENTATION_COMMENTS = YES;
				CLANG_WARN_EMPTY_BODY = YES;
				CLANG_WARN_ENUM_CONVERSION = YES;
				CLANG_WARN_INFINITE_RECURSION = YES;
				CLANG_WARN_INT_CONVERSION = YES;
				CLANG_WARN_NON_LITERAL_NULL_CONVERSION = YES;
				CLANG_WARN_OBJC_IMPLICIT_RETAIN_SELF = YES;
				CLANG_WARN_OBJC_LITERAL_CONVERSION = YES;
				CLANG_WARN_OBJC_ROOT_CLASS = YES_ERROR;
				CLANG_WARN_RANGE_LOOP_ANALYSIS = YES;
				CLANG_WARN_STRICT_PROTOTYPES = YES;
				CLANG_WARN_SUSPICIOUS_MOVE = YES;
				CLANG_WARN_UNGUARDED_AVAILABILITY = YES_AGGRESSIVE;
				CLANG_WARN_UNREACHABLE_CODE = YES;
				CLANG_WARN__DUPLICATE_METHOD_MATCH = YES;
				CODE_SIGN_IDENTITY = "iPhone Developer";
				COPY_PHASE_STRIP = NO;
				DEBUG_INFORMATION_FORMAT = "dwarf-with-dsym";
				ENABLE_NS_ASSERTIONS = NO;
				ENABLE_STRICT_OBJC_MSGSEND = YES;
				GCC_C_LANGUAGE_STANDARD = gnu11;
				GCC_NO_COMMON_BLOCKS = YES;
				GCC_WARN_64_TO_32_BIT_CONVERSION = YES;
				GCC_WARN_ABOUT_RETURN_TYPE = YES_ERROR;
				GCC_WARN_UNDECLARED_SELECTOR = YES;
				GCC_WARN_UNINITIALIZED_AUTOS = YES_AGGRESSIVE;
				GCC_WARN_UNUSED_FUNCTION = YES;
				GCC_WARN_UNUSED_VARIABLE = YES;
				IPHONEOS_DEPLOYMENT_TARGET = 12.1;
				MTL_ENABLE_DEBUG_INFO = NO;
				MTL_FAST_MATH = YES;
				SDKROOT = iphoneos;
				SWIFT_COMPILATION_MODE = wholemodule;
				SWIFT_OPTIMIZATION_LEVEL = "-O";
				VALIDATE_PRODUCT = YES;
			};
			name = Release;
		};
		58EB84F922699D260009179F /* Debug */ = {
			isa = XCBuildConfiguration;
			baseConfigurationReference = 4B97A5E0F364F12584E30520 /* Pods-RealmProgrammists.debug.xcconfig */;
			buildSettings = {
				ASSETCATALOG_COMPILER_APPICON_NAME = AppIcon;
				CODE_SIGN_STYLE = Automatic;
				DEVELOPMENT_TEAM = 45JNFF5WM9;
				INFOPLIST_FILE = "$(SRCROOT)/RealmProgrammists/Support Files/Info.plist";
				LD_RUNPATH_SEARCH_PATHS = (
					"$(inherited)",
					"@executable_path/Frameworks",
				);
				PRODUCT_BUNDLE_IDENTIFIER = vit.team.RealmProgrammists;
				PRODUCT_NAME = "$(TARGET_NAME)";
				SWIFT_VERSION = 4.2;
				TARGETED_DEVICE_FAMILY = "1,2";
			};
			name = Debug;
		};
		58EB84FA22699D260009179F /* Release */ = {
			isa = XCBuildConfiguration;
			baseConfigurationReference = 7756A2BB75F9941842976C50 /* Pods-RealmProgrammists.release.xcconfig */;
			buildSettings = {
				ASSETCATALOG_COMPILER_APPICON_NAME = AppIcon;
				CODE_SIGN_STYLE = Automatic;
				DEVELOPMENT_TEAM = 45JNFF5WM9;
				INFOPLIST_FILE = "$(SRCROOT)/RealmProgrammists/Support Files/Info.plist";
				LD_RUNPATH_SEARCH_PATHS = (
					"$(inherited)",
					"@executable_path/Frameworks",
				);
				PRODUCT_BUNDLE_IDENTIFIER = vit.team.RealmProgrammists;
				PRODUCT_NAME = "$(TARGET_NAME)";
				SWIFT_VERSION = 4.2;
				TARGETED_DEVICE_FAMILY = "1,2";
			};
			name = Release;
		};
/* End XCBuildConfiguration section */

/* Begin XCConfigurationList section */
		58EB84E122699D230009179F /* Build configuration list for PBXProject "RealmProgrammists" */ = {
			isa = XCConfigurationList;
			buildConfigurations = (
				58EB84F622699D260009179F /* Debug */,
				58EB84F722699D260009179F /* Release */,
			);
			defaultConfigurationIsVisible = 0;
			defaultConfigurationName = Release;
		};
		58EB84F822699D260009179F /* Build configuration list for PBXNativeTarget "RealmProgrammists" */ = {
			isa = XCConfigurationList;
			buildConfigurations = (
				58EB84F922699D260009179F /* Debug */,
				58EB84FA22699D260009179F /* Release */,
			);
			defaultConfigurationIsVisible = 0;
			defaultConfigurationName = Release;
		};
/* End XCConfigurationList section */
	};
	rootObject = 58EB84DE22699D230009179F /* Project object */;
}
